PODS:
  - Alamofire (4.4.0)
  - PubNub (4.6.0):
    - PubNub/Core (= 4.6.0)
  - PubNub/Core (4.6.0)
  - SMWebView (1.0)

DEPENDENCIES:
  - Alamofire
  - PubNub
  - SMWebView

SPEC CHECKSUMS:
  Alamofire: dc44b1600b800eb63da6a19039a0083d62a6a62d
  PubNub: 57bb55c3ac16ff1bbe913f4189e97e67969b308a
  SMWebView: 603d4c80f255c75f03a58570f815c5dbdc37bcd1

PODFILE CHECKSUM: 2e3159a63e49dfa7908c6e60fa841a7ba488b453

COCOAPODS: 1.2.0
